# This file was autogenerated by Stack.
# You should not edit this file by hand.
# For more information, please see the documentation at:
#   https://docs.haskellstack.org/en/stable/lock_files

packages: []
snapshots:
- completed:
    size: 523217
    url: https://raw.githubusercontent.com/commercialhaskell/stackage-snapshots/master/nightly/2020/8/26.yaml
    sha256: c1d5a184702b79d4bcb3aef4f9b515f13391ae0138123b75e949c0e5ceb2e129
  original: nightly-2020-08-26
